{
  "version": 4,
  "terraform_version": "0.13.5",
  "serial": 103,
  "lineage": "3f8b5439-ba2b-5208-5805-f494d1ae1f5c",
  "outputs": {},
  "resources": [
    {
      "mode": "managed",
      "type": "google_compute_instance_group_manager",
      "name": "vmtemplate",
      "provider": "provider[\"registry.terraform.io/hashicorp/google\"]",
      "instances": [
        {
          "schema_version": 0,
          "attributes": {
            "auto_healing_policies": [],
            "base_instance_name": "grouptemplates",
            "description": "",
            "fingerprint": "4QjUlKHv-HA=",
            "id": "projects/sdsuporte/zones/southamerica-east1-b/instanceGroupManagers/grouptemplates",
            "instance_group": "https://www.googleapis.com/compute/v1/projects/sdsuporte/zones/southamerica-east1-b/instanceGroups/grouptemplates",
            "name": "grouptemplates",
            "named_port": [],
            "operation": null,
            "project": "sdsuporte",
            "self_link": "https://www.googleapis.com/compute/v1/projects/sdsuporte/zones/southamerica-east1-b/instanceGroupManagers/grouptemplates",
            "stateful_disk": [],
            "target_pools": null,
            "target_size": 0,
            "timeouts": null,
            "update_policy": [
              {
                "max_surge_fixed": 1,
                "max_surge_percent": 0,
                "max_unavailable_fixed": 1,
                "max_unavailable_percent": 0,
                "min_ready_sec": 0,
                "minimal_action": "REPLACE",
                "type": "OPPORTUNISTIC"
              }
            ],
            "version": [
              {
                "instance_template": "https://www.googleapis.com/compute/v1/projects/sdsuporte/global/instanceTemplates/vmtemplate",
                "name": "",
                "target_size": []
              }
            ],
            "wait_for_instances": false,
            "zone": "southamerica-east1-b"
          },
          "private": "eyJlMmJmYjczMC1lY2FhLTExZTYtOGY4OC0zNDM2M2JjN2M0YzAiOnsiY3JlYXRlIjozMDAwMDAwMDAwMDAsImRlbGV0ZSI6OTAwMDAwMDAwMDAwLCJ1cGRhdGUiOjMwMDAwMDAwMDAwMH19",
          "dependencies": [
            "google_compute_instance_template.instance_template"
          ]
        }
      ]
    },
    {
      "mode": "managed",
      "type": "google_compute_instance_template",
      "name": "instance_template",
      "provider": "provider[\"registry.terraform.io/hashicorp/google\"]",
      "instances": [
        {
          "schema_version": 1,
          "attributes": {
            "can_ip_forward": false,
            "description": "Maquina de teste",
            "disk": [
              {
                "auto_delete": true,
                "boot": true,
                "device_name": "persistent-disk-0",
                "disk_encryption_key": [],
                "disk_name": "",
                "disk_size_gb": 0,
                "disk_type": "pd-standard",
                "interface": "SCSI",
                "labels": null,
                "mode": "READ_WRITE",
                "source": "",
                "source_image": "projects/debian-cloud/global/images/family/debian-9",
                "type": "PERSISTENT"
              }
            ],
            "enable_display": null,
            "guest_accelerator": [],
            "id": "projects/sdsuporte/global/instanceTemplates/vmtemplate",
            "instance_description": "",
            "labels": null,
            "machine_type": "f1-micro",
            "metadata": null,
            "metadata_fingerprint": "gG6g4XwnX3U=",
            "metadata_startup_script": "#! /bin/bash\r\napt update\r\napt -y install apache2\r\ncat \u003c\u003cEOF \u003e /var/www/html/index.html\r\n\u003chtml\u003e\u003cbody\u003e\u003ch1\u003eHello World\u003c/h1\u003e\r\n\u003cp\u003eThis page was created from a startup script.\u003c/p\u003e\r\n\u003c/body\u003e\u003c/html\u003e\r\nEOF",
            "min_cpu_platform": "",
            "name": "vmtemplate",
            "name_prefix": null,
            "network_interface": [
              {
                "access_config": [],
                "alias_ip_range": [],
                "name": "nic0",
                "network": "https://www.googleapis.com/compute/v1/projects/sdsuporte/global/networks/default",
                "network_ip": "",
                "subnetwork": "",
                "subnetwork_project": ""
              }
            ],
            "project": "sdsuporte",
            "region": null,
            "scheduling": [
              {
                "automatic_restart": true,
                "node_affinities": [],
                "on_host_maintenance": "MIGRATE",
                "preemptible": false
              }
            ],
            "self_link": "https://www.googleapis.com/compute/beta/projects/sdsuporte/global/instanceTemplates/vmtemplate",
            "service_account": [],
            "shielded_instance_config": [],
            "tags": [
              "http",
              "ssh"
            ],
            "tags_fingerprint": "",
            "timeouts": null
          },
          "private": "eyJlMmJmYjczMC1lY2FhLTExZTYtOGY4OC0zNDM2M2JjN2M0YzAiOnsiY3JlYXRlIjoyNDAwMDAwMDAwMDAsImRlbGV0ZSI6MjQwMDAwMDAwMDAwfSwic2NoZW1hX3ZlcnNpb24iOiIxIn0="
        }
      ]
    }
  ]
}
